
Microsoft Visual Studio Solution File, Format Version 12.00
# Visual Studio Version 16
VisualStudioVersion = 16.0.30907.101
MinimumVisualStudioVersion = 10.0.40219.1
Project("{9A19103F-16F7-4668-BE54-9A1E7A4F7556}") = "DataAccess", "DataAccess\DataAccess.csproj", "{874D8F9F-3B55-4DB2-BDCB-AF075A3E31C5}"
EndProject
Project("{9A19103F-16F7-4668-BE54-9A1E7A4F7556}") = "Business", "Business\Business.csproj", "{DD0E62AB-043A-4A64-8B46-035BCFD53D9A}"
EndProject
Project("{9A19103F-16F7-4668-BE54-9A1E7A4F7556}") = "Entities", "Entities\Entities.csproj", "{457EF255-4717-4DF1-A3EB-599AAA3D239E}"
EndProject
Project("{9A19103F-16F7-4668-BE54-9A1E7A4F7556}") = "ConsoleUI", "ConsoleUI\ConsoleUI.csproj", "{23F561BA-BCF2-4FE5-958D-80315EBC3636}"
EndProject
Project("{9A19103F-16F7-4668-BE54-9A1E7A4F7556}") = "Core", "Core\Core.csproj", "{C3406680-6A98-4D11-8D80-DE4AA10E0FB9}"
EndProject
Project("{FAE04EC0-301F-11D3-BF4B-00C04F79EFBC}") = "WebAPI", "WebAPI\WebAPI.csproj", "{BE2FDE72-43D9-4A71-A1F7-F416C8189E6B}"
EndProject
Global
	GlobalSection(SolutionConfigurationPlatforms) = preSolution
		Debug|Any CPU = Debug|Any CPU
		Release|Any CPU = Release|Any CPU
	EndGlobalSection
	GlobalSection(ProjectConfigurationPlatforms) = postSolution
		{874D8F9F-3B55-4DB2-BDCB-AF075A3E31C5}.Debug|Any CPU.ActiveCfg = Debug|Any CPU
		{874D8F9F-3B55-4DB2-BDCB-AF075A3E31C5}.Debug|Any CPU.Build.0 = Debug|Any CPU
		{874D8F9F-3B55-4DB2-BDCB-AF075A3E31C5}.Release|Any CPU.ActiveCfg = Release|Any CPU
		{874D8F9F-3B55-4DB2-BDCB-AF075A3E31C5}.Release|Any CPU.Build.0 = Release|Any CPU
		{DD0E62AB-043A-4A64-8B46-035BCFD53D9A}.Debug|Any CPU.ActiveCfg = Debug|Any CPU
		{DD0E62AB-043A-4A64-8B46-035BCFD53D9A}.Debug|Any CPU.Build.0 = Debug|Any CPU
		{DD0E62AB-043A-4A64-8B46-035BCFD53D9A}.Release|Any CPU.ActiveCfg = Release|Any CPU
		{DD0E62AB-043A-4A64-8B46-035BCFD53D9A}.Release|Any CPU.Build.0 = Release|Any CPU
		{457EF255-4717-4DF1-A3EB-599AAA3D239E}.Debug|Any CPU.ActiveCfg = Debug|Any CPU
		{457EF255-4717-4DF1-A3EB-599AAA3D239E}.Debug|Any CPU.Build.0 = Debug|Any CPU
		{457EF255-4717-4DF1-A3EB-599AAA3D239E}.Release|Any CPU.ActiveCfg = Release|Any CPU
		{457EF255-4717-4DF1-A3EB-599AAA3D239E}.Release|Any CPU.Build.0 = Release|Any CPU
		{23F561BA-BCF2-4FE5-958D-80315EBC3636}.Debug|Any CPU.ActiveCfg = Debug|Any CPU
		{23F561BA-BCF2-4FE5-958D-80315EBC3636}.Debug|Any CPU.Build.0 = Debug|Any CPU
		{23F561BA-BCF2-4FE5-958D-80315EBC3636}.Release|Any CPU.ActiveCfg = Release|Any CPU
		{23F561BA-BCF2-4FE5-958D-80315EBC3636}.Release|Any CPU.Build.0 = Release|Any CPU
		{C3406680-6A98-4D11-8D80-DE4AA10E0FB9}.Debug|Any CPU.ActiveCfg = Debug|Any CPU
		{C3406680-6A98-4D11-8D80-DE4AA10E0FB9}.Debug|Any CPU.Build.0 = Debug|Any CPU
		{C3406680-6A98-4D11-8D80-DE4AA10E0FB9}.Release|Any CPU.ActiveCfg = Release|Any CPU
		{C3406680-6A98-4D11-8D80-DE4AA10E0FB9}.Release|Any CPU.Build.0 = Release|Any CPU
		{BE2FDE72-43D9-4A71-A1F7-F416C8189E6B}.Debug|Any CPU.ActiveCfg = Debug|Any CPU
		{BE2FDE72-43D9-4A71-A1F7-F416C8189E6B}.Debug|Any CPU.Build.0 = Debug|Any CPU
		{BE2FDE72-43D9-4A71-A1F7-F416C8189E6B}.Release|Any CPU.ActiveCfg = Release|Any CPU
		{BE2FDE72-43D9-4A71-A1F7-F416C8189E6B}.Release|Any CPU.Build.0 = Release|Any CPU
	EndGlobalSection
	GlobalSection(SolutionProperties) = preSolution
		HideSolutionNode = FALSE
	EndGlobalSection
	GlobalSection(ExtensibilityGlobals) = postSolution
		SolutionGuid = {3696DB37-3958-40A8-AB97-FEF9AF1B7758}
	EndGlobalSection
EndGlobal
